
Microsoft Visual Studio Solution File, Format Version 12.00
# Visual Studio Version 17
VisualStudioVersion = 17.9.34622.214
MinimumVisualStudioVersion = 10.0.40219.1
Project("{FAE04EC0-301F-11D3-BF4B-00C04F79EFBC}") = "EventManager", "EventManager\EventManager.csproj", "{199828E2-E582-4D13-9230-BC6B9D47F57E}"
EndProject
Global
	GlobalSection(SolutionConfigurationPlatforms) = preSolution
		Debug|Any CPU = Debug|Any CPU
		Release|Any CPU = Release|Any CPU
	EndGlobalSection
	GlobalSection(ProjectConfigurationPlatforms) = postSolution
		{199828E2-E582-4D13-9230-BC6B9D47F57E}.Debug|Any CPU.ActiveCfg = Debug|Any CPU
		{199828E2-E582-4D13-9230-BC6B9D47F57E}.Debug|Any CPU.Build.0 = Debug|Any CPU
		{199828E2-E582-4D13-9230-BC6B9D47F57E}.Release|Any CPU.ActiveCfg = Release|Any CPU
		{199828E2-E582-4D13-9230-BC6B9D47F57E}.Release|Any CPU.Build.0 = Release|Any CPU
	EndGlobalSection
	GlobalSection(SolutionProperties) = preSolution
		HideSolutionNode = FALSE
	EndGlobalSection
	GlobalSection(ExtensibilityGlobals) = postSolution
		SolutionGuid = {19AD7B55-CAB6-4F84-893F-CD57D74A2CF6}
	EndGlobalSection
EndGlobal
