
Microsoft Visual Studio Solution File, Format Version 12.00
# Visual Studio Version 17
VisualStudioVersion = 17.9.34622.214
MinimumVisualStudioVersion = 10.0.40219.1
Project("{FAE04EC0-301F-11D3-BF4B-00C04F79EFBC}") = "lab1", "lab1\lab1.csproj", "{A0029A46-E299-4302-ABD6-B50292F3988A}"
EndProject
Global
	GlobalSection(SolutionConfigurationPlatforms) = preSolution
		Debug|Any CPU = Debug|Any CPU
		Release|Any CPU = Release|Any CPU
	EndGlobalSection
	GlobalSection(ProjectConfigurationPlatforms) = postSolution
		{A0029A46-E299-4302-ABD6-B50292F3988A}.Debug|Any CPU.ActiveCfg = Debug|Any CPU
		{A0029A46-E299-4302-ABD6-B50292F3988A}.Debug|Any CPU.Build.0 = Debug|Any CPU
		{A0029A46-E299-4302-ABD6-B50292F3988A}.Release|Any CPU.ActiveCfg = Release|Any CPU
		{A0029A46-E299-4302-ABD6-B50292F3988A}.Release|Any CPU.Build.0 = Release|Any CPU
	EndGlobalSection
	GlobalSection(SolutionProperties) = preSolution
		HideSolutionNode = FALSE
	EndGlobalSection
	GlobalSection(ExtensibilityGlobals) = postSolution
		SolutionGuid = {0A2A74D1-CB59-418A-850C-98C4D517D3C7}
	EndGlobalSection
EndGlobal
